
Microsoft Visual Studio Solution File, Format Version 12.00
# Visual Studio 15
Project("{FAE04EC0-301F-11D3-BF4B-00C04F79EFBC}") = "Assembly-CSharp", "Assembly-CSharp.csproj", "{B91A25A7-BD57-DB6B-44E0-BB86B973AA11}"
EndProject
Project("{FAE04EC0-301F-11D3-BF4B-00C04F79EFBC}") = "UIRippleVfxAsm", "UIRippleVfxAsm.csproj", "{80610F8C-1418-EFE8-3355-B082AE5D707D}"
EndProject
Project("{FAE04EC0-301F-11D3-BF4B-00C04F79EFBC}") = "Assembly-CSharp-firstpass", "Assembly-CSharp-firstpass.csproj", "{4F9135EC-B3C1-52BC-7978-DA64962DEC71}"
EndProject
Project("{FAE04EC0-301F-11D3-BF4B-00C04F79EFBC}") = "UIRippleVfxTestsAsm", "UIRippleVfxTestsAsm.csproj", "{B768F921-861A-E7E9-7DD4-2F4FE7F44B0E}"
EndProject
Project("{FAE04EC0-301F-11D3-BF4B-00C04F79EFBC}") = "Assembly-CSharp-Editor-firstpass", "Assembly-CSharp-Editor-firstpass.csproj", "{58CF5E84-7844-E534-BA49-E092CC1D0C1F}"
EndProject
Project("{FAE04EC0-301F-11D3-BF4B-00C04F79EFBC}") = "Assembly-CSharp-Editor", "Assembly-CSharp-Editor.csproj", "{B52F6E5F-D39A-58DE-9E74-12FC213DE8C2}"
EndProject
Global
	GlobalSection(SolutionConfigurationPlatforms) = preSolution
		Debug|Any CPU = Debug|Any CPU
		Release|Any CPU = Release|Any CPU
	EndGlobalSection
	GlobalSection(ProjectConfigurationPlatforms) = postSolution
		{B91A25A7-BD57-DB6B-44E0-BB86B973AA11}.Debug|Any CPU.ActiveCfg = Debug|Any CPU
		{B91A25A7-BD57-DB6B-44E0-BB86B973AA11}.Debug|Any CPU.Build.0 = Debug|Any CPU
		{B91A25A7-BD57-DB6B-44E0-BB86B973AA11}.Release|Any CPU.ActiveCfg = Release|Any CPU
		{B91A25A7-BD57-DB6B-44E0-BB86B973AA11}.Release|Any CPU.Build.0 = Release|Any CPU
		{80610F8C-1418-EFE8-3355-B082AE5D707D}.Debug|Any CPU.ActiveCfg = Debug|Any CPU
		{80610F8C-1418-EFE8-3355-B082AE5D707D}.Debug|Any CPU.Build.0 = Debug|Any CPU
		{80610F8C-1418-EFE8-3355-B082AE5D707D}.Release|Any CPU.ActiveCfg = Release|Any CPU
		{80610F8C-1418-EFE8-3355-B082AE5D707D}.Release|Any CPU.Build.0 = Release|Any CPU
		{4F9135EC-B3C1-52BC-7978-DA64962DEC71}.Debug|Any CPU.ActiveCfg = Debug|Any CPU
		{4F9135EC-B3C1-52BC-7978-DA64962DEC71}.Debug|Any CPU.Build.0 = Debug|Any CPU
		{4F9135EC-B3C1-52BC-7978-DA64962DEC71}.Release|Any CPU.ActiveCfg = Release|Any CPU
		{4F9135EC-B3C1-52BC-7978-DA64962DEC71}.Release|Any CPU.Build.0 = Release|Any CPU
		{B768F921-861A-E7E9-7DD4-2F4FE7F44B0E}.Debug|Any CPU.ActiveCfg = Debug|Any CPU
		{B768F921-861A-E7E9-7DD4-2F4FE7F44B0E}.Debug|Any CPU.Build.0 = Debug|Any CPU
		{B768F921-861A-E7E9-7DD4-2F4FE7F44B0E}.Release|Any CPU.ActiveCfg = Release|Any CPU
		{B768F921-861A-E7E9-7DD4-2F4FE7F44B0E}.Release|Any CPU.Build.0 = Release|Any CPU
		{58CF5E84-7844-E534-BA49-E092CC1D0C1F}.Debug|Any CPU.ActiveCfg = Debug|Any CPU
		{58CF5E84-7844-E534-BA49-E092CC1D0C1F}.Debug|Any CPU.Build.0 = Debug|Any CPU
		{58CF5E84-7844-E534-BA49-E092CC1D0C1F}.Release|Any CPU.ActiveCfg = Release|Any CPU
		{58CF5E84-7844-E534-BA49-E092CC1D0C1F}.Release|Any CPU.Build.0 = Release|Any CPU
		{B52F6E5F-D39A-58DE-9E74-12FC213DE8C2}.Debug|Any CPU.ActiveCfg = Debug|Any CPU
		{B52F6E5F-D39A-58DE-9E74-12FC213DE8C2}.Debug|Any CPU.Build.0 = Debug|Any CPU
		{B52F6E5F-D39A-58DE-9E74-12FC213DE8C2}.Release|Any CPU.ActiveCfg = Release|Any CPU
		{B52F6E5F-D39A-58DE-9E74-12FC213DE8C2}.Release|Any CPU.Build.0 = Release|Any CPU
	EndGlobalSection
	GlobalSection(SolutionProperties) = preSolution
		HideSolutionNode = FALSE
	EndGlobalSection
EndGlobal
